# This file is automatically @generated by Poetry and should not be changed by hand.

[[package]]
name = "kazoo"
version = "2.5.0"
description = "Higher Level Zookeeper Client"
category = "main"
optional = false
python-versions = "*"
files = [
    {file = "kazoo-2.5.0-py2.py3-none-any.whl", hash = "sha256:a5fa2e400c5068cfee9e86b35cf0dab8232b574152d8e3590d823b3e2426ab5e"},
    {file = "kazoo-2.5.0.tar.gz", hash = "sha256:8db774f7bdece7d0dc7decb21539ff0852e42c2ffe1c28d7f1ff6f9292a1c3a4"},
]

[package.dependencies]
six = "*"

[package.extras]
test = ["coverage", "flake8", "mock", "nose", "six"]

[[package]]
name = "paho-mqtt"
version = "1.6.1"
description = "MQTT version 5.0/3.1.1 client class"
category = "main"
optional = false
python-versions = "*"
files = [
    {file = "paho-mqtt-1.6.1.tar.gz", hash = "sha256:2a8291c81623aec00372b5a85558a372c747cbca8e9934dfe218638b8eefc26f"},
]

[package.extras]
proxy = ["PySocks"]

[[package]]
name = "pykafka"
version = "2.8.0"
description = "Full-Featured Pure-Python Kafka Client"
category = "main"
optional = false
python-versions = "*"
files = [
    {file = "pykafka-2.8.0.tar.gz", hash = "sha256:f0bbd394ae6970042a587c99fe4dc0966e67787249d963d4ce2f810dc9490577"},
]

[package.dependencies]
kazoo = "2.5.0"
six = ">=1.5"
tabulate = "*"

[package.extras]
all = ["gevent (==1.3)", "kazoo (==2.5.0)", "lz4 (==0.10.1)", "lz4 (==2.1.0)", "lz4tools (==1.3.1.2)", "lz4tools (==1.3.1.2)", "mock", "pytest (==3.8.1)", "pytest-cov", "python-snappy", "six (>=1.5)", "tabulate", "unittest2", "xxhash (==1.0.1)", "xxhash (==1.2.0)"]
docs = ["lz4 (==2.1.0)", "lz4tools (==1.3.1.2)", "mock", "pytest (==3.8.1)", "pytest-cov", "python-snappy", "sphinx", "unittest2", "xxhash (==1.2.0)"]
gevent = ["gevent (==1.3)"]
lint = ["pep8", "pyflakes"]
test = ["lz4 (==2.1.0)", "lz4tools (==1.3.1.2)", "mock", "pytest (==3.8.1)", "pytest-cov", "python-snappy", "unittest2", "xxhash (==1.2.0)"]

[[package]]
name = "python-dotenv"
version = "1.0.0"
description = "Read key-value pairs from a .env file and set them as environment variables"
category = "main"
optional = false
python-versions = ">=3.8"
files = [
    {file = "python-dotenv-1.0.0.tar.gz", hash = "sha256:a8df96034aae6d2d50a4ebe8216326c61c3eb64836776504fcca410e5937a3ba"},
    {file = "python_dotenv-1.0.0-py3-none-any.whl", hash = "sha256:f5971a9226b701070a4bf2c38c89e5a3f0d64de8debda981d1db98583009122a"},
]

[package.extras]
cli = ["click (>=5.0)"]

[[package]]
name = "six"
version = "1.16.0"
description = "Python 2 and 3 compatibility utilities"
category = "main"
optional = false
python-versions = ">=2.7, !=3.0.*, !=3.1.*, !=3.2.*"
files = [
    {file = "six-1.16.0-py2.py3-none-any.whl", hash = "sha256:8abb2f1d86890a2dfb989f9a77cfcfd3e47c2a354b01111771326f8aa26e0254"},
    {file = "six-1.16.0.tar.gz", hash = "sha256:1e61c37477a1626458e36f7b1d82aa5c9b094fa4802892072e49de9c60c4c926"},
]

[[package]]
name = "tabulate"
version = "0.9.0"
description = "Pretty-print tabular data"
category = "main"
optional = false
python-versions = ">=3.7"
files = [
    {file = "tabulate-0.9.0-py3-none-any.whl", hash = "sha256:024ca478df22e9340661486f85298cff5f6dcdba14f3813e8830015b9ed1948f"},
    {file = "tabulate-0.9.0.tar.gz", hash = "sha256:0095b12bf5966de529c0feb1fa08671671b3368eec77d7ef7ab114be2c068b3c"},
]

[package.extras]
widechars = ["wcwidth"]

[metadata]
lock-version = "2.0"
python-versions = "^3.10"
content-hash = "728ad15d522069f0abb524f14c68c86613b1fec356a81eb788c69e4a72d26dcd"
